// !$*UTF8*$!
{
	archiveVersion = 1;
	classes = {
	};
	objectVersion = 46;
	objects = {

/* Begin PBXBuildFile section */
		847C17A71E4E3A8600459E01 /* AppDelegate.swift in Sources */ = {isa = PBXBuildFile; fileRef = 847C17A61E4E3A8600459E01 /* AppDelegate.swift */; };
		847C17A91E4E3A8600459E01 /* ViewController.swift in Sources */ = {isa = PBXBuildFile; fileRef = 847C17A81E4E3A8600459E01 /* ViewController.swift */; };
		847C17AC1E4E3A8600459E01 /* Main.storyboard in Resources */ = {isa = PBXBuildFile; fileRef = 847C17AA1E4E3A8600459E01 /* Main.storyboard */; };
		847C17AE1E4E3A8600459E01 /* Assets.xcassets in Resources */ = {isa = PBXBuildFile; fileRef = 847C17AD1E4E3A8600459E01 /* Assets.xcassets */; };
		847C17B11E4E3A8600459E01 /* LaunchScreen.storyboard in Resources */ = {isa = PBXBuildFile; fileRef = 847C17AF1E4E3A8600459E01 /* LaunchScreen.storyboard */; };
/* End PBXBuildFile section */

/* Begin PBXFileReference section */
		847C17A31E4E3A8600459E01 /* TapTap.app */ = {isa = PBXFileReference; explicitFileType = wrapper.application; includeInIndex = 0; path = TapTap.app; sourceTree = BUILT_PRODUCTS_DIR; };
		847C17A61E4E3A8600459E01 /* AppDelegate.swift */ = {isa = PBXFileReference; lastKnownFileType = sourcecode.swift; path = AppDelegate.swift; sourceTree = "<group>"; };
		847C17A81E4E3A8600459E01 /* ViewController.swift */ = {isa = PBXFileReference; lastKnownFileType = sourcecode.swift; path = ViewController.swift; sourceTree = "<group>"; };
		847C17AB1E4E3A8600459E01 /* Base */ = {isa = PBXFileReference; lastKnownFileType = file.storyboard; name = Base; path = Base.lproj/Main.storyboard; sourceTree = "<group>"; };
		847C17AD1E4E3A8600459E01 /* Assets.xcassets */ = {isa = PBXFileReference; lastKnownFileType = folder.assetcatalog; path = Assets.xcassets; sourceTree = "<group>"; };
		847C17B01E4E3A8600459E01 /* Base */ = {isa = PBXFileReference; lastKnownFileType = file.storyboard; name = Base; path = Base.lproj/LaunchScreen.storyboard; sourceTree = "<group>"; };
		847C17B21E4E3A8600459E01 /* Info.plist */ = {isa = PBXFileReference; lastKnownFileType = text.plist.xml; path = Info.plist; sourceTree = "<group>"; };
/* End PBXFileReference section */

/* Begin PBXFrameworksBuildPhase section */
		847C17A01E4E3A8600459E01 /* Frameworks */ = {
			isa = PBXFrameworksBuildPhase;
			buildActionMask = 2147483647;
			files = (
			);
			runOnlyForDeploymentPostprocessing = 0;
		};
/* End PBXFrameworksBuildPhase section */

/* Begin PBXGroup section */
		847C179A1E4E3A8600459E01 = {
			isa = PBXGroup;
			children = (
				847C17A51E4E3A8600459E01 /* TapTap */,
				847C17A41E4E3A8600459E01 /* Products */,
			);
			sourceTree = "<group>";
		};
		847C17A41E4E3A8600459E01 /* Products */ = {
			isa = PBXGroup;
			children = (
				847C17A31E4E3A8600459E01 /* TapTap.app */,
			);
			name = Products;
			sourceTree = "<group>";
		};
		847C17A51E4E3A8600459E01 /* TapTap */ = {
			isa = PBXGroup;
			children = (
				847C17A61E4E3A8600459E01 /* AppDelegate.swift */,
				847C17A81E4E3A8600459E01 /* ViewController.swift */,
				847C17AA1E4E3A8600459E01 /* Main.storyboard */,
				847C17AD1E4E3A8600459E01 /* Assets.xcassets */,
				847C17AF1E4E3A8600459E01 /* LaunchScreen.storyboard */,
				847C17B21E4E3A8600459E01 /* Info.plist */,
			);
			path = TapTap;
			sourceTree = "<group>";
		};
/* End PBXGroup section */

/* Begin PBXNativeTarget section */
		847C17A21E4E3A8600459E01 /* TapTap */ = {
			isa = PBXNativeTarget;
			buildConfigurationList = 847C17B51E4E3A8600459E01 /* Build configuration list for PBXNativeTarget "TapTap" */;
			buildPhases = (
				847C179F1E4E3A8600459E01 /* Sources */,
				847C17A01E4E3A8600459E01 /* Frameworks */,
				847C17A11E4E3A8600459E01 /* Resources */,
			);
			buildRules = (
			);
			dependencies = (
			);
			name = TapTap;
			productName = TapTap;
			productReference = 847C17A31E4E3A8600459E01 /* TapTap.app */;
			productType = "com.apple.product-type.application";
		};
/* End PBXNativeTarget section */

/* Begin PBXProject section */
		847C179B1E4E3A8600459E01 /* Project object */ = {
			isa = PBXProject;
			attributes = {
				LastSwiftUpdateCheck = 0820;
				LastUpgradeCheck = 0820;
				ORGANIZATIONNAME = iohex;
				TargetAttributes = {
					847C17A21E4E3A8600459E01 = {
						CreatedOnToolsVersion = 8.2.1;
						DevelopmentTeam = X3Q5KYRT2L;
						ProvisioningStyle = Automatic;
					};
				};
			};
			buildConfigurationList = 847C179E1E4E3A8600459E01 /* Build configuration list for PBXProject "TapTap" */;
			compatibilityVersion = "Xcode 3.2";
			developmentRegion = English;
			hasScannedForEncodings = 0;
			knownRegions = (
				en,
				Base,
			);
			mainGroup = 847C179A1E4E3A8600459E01;
			productRefGroup = 847C17A41E4E3A8600459E01 /* Products */;
			projectDirPath = "";
			projectRoot = "";
			targets = (
				847C17A21E4E3A8600459E01 /* TapTap */,
			);
		};
/* End PBXProject section */

/* Begin PBXResourcesBuildPhase section */
		847C17A11E4E3A8600459E01 /* Resources */ = {
			isa = PBXResourcesBuildPhase;
			buildActionMask = 2147483647;
			files = (
				847C17B11E4E3A8600459E01 /* LaunchScreen.storyboard in Resources */,
				847C17AE1E4E3A8600459E01 /* Assets.xcassets in Resources */,
				847C17AC1E4E3A8600459E01 /* Main.storyboard in Resources */,
			);
			runOnlyForDeploymentPostprocessing = 0;
		};
/* End PBXResourcesBuildPhase section */

/* Begin PBXSourcesBuildPhase section */
		847C179F1E4E3A8600459E01 /* Sources */ = {
			isa = PBXSourcesBuildPhase;
			buildActionMask = 2147483647;
			files = (
				847C17A91E4E3A8600459E01 /* ViewController.swift in Sources */,
				847C17A71E4E3A8600459E01 /* AppDelegate.swift in Sources */,
			);
			runOnlyForDeploymentPostprocessing = 0;
		};
/* End PBXSourcesBuildPhase section */

/* Begin PBXVariantGroup section */
		847C17AA1E4E3A8600459E01 /* Main.storyboard */ = {
			isa = PBXVariantGroup;
			children = (
				847C17AB1E4E3A8600459E01 /* Base */,
			);
			name = Main.storyboard;
			sourceTree = "<group>";
		};
		847C17AF1E4E3A8600459E01 /* LaunchScreen.storyboard */ = {
			isa = PBXVariantGroup;
			children = (
				847C17B01E4E3A8600459E01 /* Base */,
			);
			name = LaunchScreen.storyboard;
			sourceTree = "<group>";
		};
/* End PBXVariantGroup section */

/* Begin XCBuildConfiguration section */
		847C17B31E4E3A8600459E01 /* Debug */ = {
			isa = XCBuildConfiguration;
			buildSettings = {
				ALWAYS_SEARCH_USER_PATHS = NO;
				CLANG_ANALYZER_NONNULL = YES;
				CLANG_CXX_LANGUAGE_STANDARD = "gnu++0x";
				CLANG_CXX_LIBRARY = "libc++";
				CLANG_ENABLE_MODULES = YES;
				CLANG_ENABLE_OBJC_ARC = YES;
				CLANG_WARN_BOOL_CONVERSION = YES;
				CLANG_WARN_CONSTANT_CONVERSION = YES;
				CLANG_WARN_DIRECT_OBJC_ISA_USAGE = YES_ERROR;
				CLANG_WARN_DOCUMENTATION_COMMENTS = YES;
				CLANG_WARN_EMPTY_BODY = YES;
				CLANG_WARN_ENUM_CONVERSION = YES;
				CLANG_WARN_INFINITE_RECURSION = YES;
				CLANG_WARN_INT_CONVERSION = YES;
				CLANG_WARN_OBJC_ROOT_CLASS = YES_ERROR;
				CLANG_WARN_SUSPICIOUS_MOVE = YES;
				CLANG_WARN_UNREACHABLE_CODE = YES;
				CLANG_WARN__DUPLICATE_METHOD_MATCH = YES;
				"CODE_SIGN_IDENTITY[sdk=iphoneos*]" = "iPhone Developer";
				COPY_PHASE_STRIP = NO;
				DEBUG_INFORMATION_FORMAT = dwarf;
				ENABLE_STRICT_OBJC_MSGSEND = YES;
				ENABLE_TESTABILITY = YES;
				GCC_C_LANGUAGE_STANDARD = gnu99;
				GCC_DYNAMIC_NO_PIC = NO;
				GCC_NO_COMMON_BLOCKS = YES;
				GCC_OPTIMIZATION_LEVEL = 0;
				GCC_PREPROCESSOR_DEFINITIONS = (
					"DEBUG=1",
					"$(inherited)",
				);
				GCC_WARN_64_TO_32_BIT_CONVERSION = YES;
				GCC_WARN_ABOUT_RETURN_TYPE = YES_ERROR;
				GCC_WARN_UNDECLARED_SELECTOR = YES;
				GCC_WARN_UNINITIALIZED_AUTOS = YES_AGGRESSIVE;
				GCC_WARN_UNUSED_FUNCTION = YES;
				GCC_WARN_UNUSED_VARIABLE = YES;
				IPHONEOS_DEPLOYMENT_TARGET = 10.2;
				MTL_ENABLE_DEBUG_INFO = YES;
				ONLY_ACTIVE_ARCH = YES;
				SDKROOT = iphoneos;
				SWIFT_ACTIVE_COMPILATION_CONDITIONS = DEBUG;
				SWIFT_OPTIMIZATION_LEVEL = "-Onone";
				TARGETED_DEVICE_FAMILY = "1,2";
			};
			name = Debug;
		};
		847C17B41E4E3A8600459E01 /* Release */ = {
			isa = XCBuildConfiguration;
			buildSettings = {
				ALWAYS_SEARCH_USER_PATHS = NO;
				CLANG_ANALYZER_NONNULL = YES;
				CLANG_CXX_LANGUAGE_STANDARD = "gnu++0x";
				CLANG_CXX_LIBRARY = "libc++";
				CLANG_ENABLE_MODULES = YES;
				CLANG_ENABLE_OBJC_ARC = YES;
				CLANG_WARN_BOOL_CONVERSION = YES;
				CLANG_WARN_CONSTANT_CONVERSION = YES;
				CLANG_WARN_DIRECT_OBJC_ISA_USAGE = YES_ERROR;
				CLANG_WARN_DOCUMENTATION_COMMENTS = YES;
				CLANG_WARN_EMPTY_BODY = YES;
				CLANG_WARN_ENUM_CONVERSION = YES;
				CLANG_WARN_INFINITE_RECURSION = YES;
				CLANG_WARN_INT_CONVERSION = YES;
				CLANG_WARN_OBJC_ROOT_CLASS = YES_ERROR;
				CLANG_WARN_SUSPICIOUS_MOVE = YES;
				CLANG_WARN_UNREACHABLE_CODE = YES;
				CLANG_WARN__DUPLICATE_METHOD_MATCH = YES;
				"CODE_SIGN_IDENTITY[sdk=iphoneos*]" = "iPhone Developer";
				COPY_PHASE_STRIP = NO;
				DEBUG_INFORMATION_FORMAT = "dwarf-with-dsym";
				ENABLE_NS_ASSERTIONS = NO;
				ENABLE_STRICT_OBJC_MSGSEND = YES;
				GCC_C_LANGUAGE_STANDARD = gnu99;
				GCC_NO_COMMON_BLOCKS = YES;
				GCC_WARN_64_TO_32_BIT_CONVERSION = YES;
				GCC_WARN_ABOUT_RETURN_TYPE = YES_ERROR;
				GCC_WARN_UNDECLARED_SELECTOR = YES;
				GCC_WARN_UNINITIALIZED_AUTOS = YES_AGGRESSIVE;
				GCC_WARN_UNUSED_FUNCTION = YES;
				GCC_WARN_UNUSED_VARIABLE = YES;
				IPHONEOS_DEPLOYMENT_TARGET = 10.2;
				MTL_ENABLE_DEBUG_INFO = NO;
				SDKROOT = iphoneos;
				SWIFT_OPTIMIZATION_LEVEL = "-Owholemodule";
				TARGETED_DEVICE_FAMILY = "1,2";
				VALIDATE_PRODUCT = YES;
			};
			name = Release;
		};
		847C17B61E4E3A8600459E01 /* Debug */ = {
			isa = XCBuildConfiguration;
			buildSettings = {
				ASSETCATALOG_COMPILER_APPICON_NAME = AppIcon;
				DEVELOPMENT_TEAM = X3Q5KYRT2L;
				INFOPLIST_FILE = TapTap/Info.plist;
				LD_RUNPATH_SEARCH_PATHS = "$(inherited) @executable_path/Frameworks";
				PRODUCT_BUNDLE_IDENTIFIER = com.iohex.TapTap;
				PRODUCT_NAME = "$(TARGET_NAME)";
				SWIFT_VERSION = 3.0;
			};
			name = Debug;
		};
		847C17B71E4E3A8600459E01 /* Release */ = {
			isa = XCBuildConfiguration;
			buildSettings = {
				ASSETCATALOG_COMPILER_APPICON_NAME = AppIcon;
				DEVELOPMENT_TEAM = X3Q5KYRT2L;
				INFOPLIST_FILE = TapTap/Info.plist;
				LD_RUNPATH_SEARCH_PATHS = "$(inherited) @executable_path/Frameworks";
				PRODUCT_BUNDLE_IDENTIFIER = com.iohex.TapTap;
				PRODUCT_NAME = "$(TARGET_NAME)";
				SWIFT_VERSION = 3.0;
			};
			name = Release;
		};
/* End XCBuildConfiguration section */

/* Begin XCConfigurationList section */
		847C179E1E4E3A8600459E01 /* Build configuration list for PBXProject "TapTap" */ = {
			isa = XCConfigurationList;
			buildConfigurations = (
				847C17B31E4E3A8600459E01 /* Debug */,
				847C17B41E4E3A8600459E01 /* Release */,
			);
			defaultConfigurationIsVisible = 0;
			defaultConfigurationName = Release;
		};
		847C17B51E4E3A8600459E01 /* Build configuration list for PBXNativeTarget "TapTap" */ = {
			isa = XCConfigurationList;
			buildConfigurations = (
				847C17B61E4E3A8600459E01 /* Debug */,
				847C17B71E4E3A8600459E01 /* Release */,
			);
			defaultConfigurationIsVisible = 0;
		};
/* End XCConfigurationList section */
	};
	rootObject = 847C179B1E4E3A8600459E01 /* Project object */;
}
